
Microsoft Visual Studio Solution File, Format Version 12.00
# Visual Studio Version 16
VisualStudioVersion = 16.0.29609.76
MinimumVisualStudioVersion = 10.0.40219.1
Project("{FAE04EC0-301F-11D3-BF4B-00C04F79EFBC}") = "TeaDiary.api", "TeaDiary.api.csproj", "{1DAC209B-8583-497C-8D05-2BA6F6115776}"
	ProjectSection(ProjectDependencies) = postProject
		{DC635819-0ED0-4F6F-81C0-0535539C856C} = {DC635819-0ED0-4F6F-81C0-0535539C856C}
		{1C25FAA2-E228-41CF-8067-860E0D55516A} = {1C25FAA2-E228-41CF-8067-860E0D55516A}
		{6AF869AA-2E8B-47E8-9B8F-B86AAF577FB8} = {6AF869AA-2E8B-47E8-9B8F-B86AAF577FB8}
	EndProjectSection
EndProject
Project("{FAE04EC0-301F-11D3-BF4B-00C04F79EFBC}") = "TeaDiary.business", "..\TeaDiary.business\TeaDiary.business.csproj", "{6AF869AA-2E8B-47E8-9B8F-B86AAF577FB8}"
	ProjectSection(ProjectDependencies) = postProject
		{DC635819-0ED0-4F6F-81C0-0535539C856C} = {DC635819-0ED0-4F6F-81C0-0535539C856C}
	EndProjectSection
EndProject
Project("{FAE04EC0-301F-11D3-BF4B-00C04F79EFBC}") = "TeaDiary.data_access", "..\TeaDiary.data_access\TeaDiary.data_access.csproj", "{1C25FAA2-E228-41CF-8067-860E0D55516A}"
	ProjectSection(ProjectDependencies) = postProject
		{DC635819-0ED0-4F6F-81C0-0535539C856C} = {DC635819-0ED0-4F6F-81C0-0535539C856C}
		{6AF869AA-2E8B-47E8-9B8F-B86AAF577FB8} = {6AF869AA-2E8B-47E8-9B8F-B86AAF577FB8}
	EndProjectSection
EndProject
Project("{FAE04EC0-301F-11D3-BF4B-00C04F79EFBC}") = "TeaDiary.domain", "..\TeaDiary.domain\TeaDiary.domain.csproj", "{DC635819-0ED0-4F6F-81C0-0535539C856C}"
EndProject
Global
	GlobalSection(SolutionConfigurationPlatforms) = preSolution
		Debug|Any CPU = Debug|Any CPU
		Release|Any CPU = Release|Any CPU
	EndGlobalSection
	GlobalSection(ProjectConfigurationPlatforms) = postSolution
		{1DAC209B-8583-497C-8D05-2BA6F6115776}.Debug|Any CPU.ActiveCfg = Debug|Any CPU
		{1DAC209B-8583-497C-8D05-2BA6F6115776}.Debug|Any CPU.Build.0 = Debug|Any CPU
		{1DAC209B-8583-497C-8D05-2BA6F6115776}.Release|Any CPU.ActiveCfg = Release|Any CPU
		{1DAC209B-8583-497C-8D05-2BA6F6115776}.Release|Any CPU.Build.0 = Release|Any CPU
		{6AF869AA-2E8B-47E8-9B8F-B86AAF577FB8}.Debug|Any CPU.ActiveCfg = Debug|Any CPU
		{6AF869AA-2E8B-47E8-9B8F-B86AAF577FB8}.Debug|Any CPU.Build.0 = Debug|Any CPU
		{6AF869AA-2E8B-47E8-9B8F-B86AAF577FB8}.Release|Any CPU.ActiveCfg = Release|Any CPU
		{6AF869AA-2E8B-47E8-9B8F-B86AAF577FB8}.Release|Any CPU.Build.0 = Release|Any CPU
		{1C25FAA2-E228-41CF-8067-860E0D55516A}.Debug|Any CPU.ActiveCfg = Debug|Any CPU
		{1C25FAA2-E228-41CF-8067-860E0D55516A}.Debug|Any CPU.Build.0 = Debug|Any CPU
		{1C25FAA2-E228-41CF-8067-860E0D55516A}.Release|Any CPU.ActiveCfg = Release|Any CPU
		{1C25FAA2-E228-41CF-8067-860E0D55516A}.Release|Any CPU.Build.0 = Release|Any CPU
		{DC635819-0ED0-4F6F-81C0-0535539C856C}.Debug|Any CPU.ActiveCfg = Debug|Any CPU
		{DC635819-0ED0-4F6F-81C0-0535539C856C}.Debug|Any CPU.Build.0 = Debug|Any CPU
		{DC635819-0ED0-4F6F-81C0-0535539C856C}.Release|Any CPU.ActiveCfg = Release|Any CPU
		{DC635819-0ED0-4F6F-81C0-0535539C856C}.Release|Any CPU.Build.0 = Release|Any CPU
	EndGlobalSection
	GlobalSection(SolutionProperties) = preSolution
		HideSolutionNode = FALSE
	EndGlobalSection
	GlobalSection(ExtensibilityGlobals) = postSolution
		SolutionGuid = {CC55DAB8-DF8C-4F27-9503-A246735B1A61}
	EndGlobalSection
EndGlobal
